
Microsoft Visual Studio Solution File, Format Version 12.00
# Visual Studio Version 17
VisualStudioVersion = 17.7.34003.232
MinimumVisualStudioVersion = 10.0.40219.1
Project("{2150E333-8FDC-42A3-9474-1A3956D46DE8}") = "01 API", "01 API", "{784D855F-FF83-486F-A067-AE94222D6D9B}"
EndProject
Project("{2150E333-8FDC-42A3-9474-1A3956D46DE8}") = "02 BUSSNIES", "02 BUSSNIES", "{19EC5A40-26AE-421B-B0F6-67F5751870D6}"
EndProject
Project("{2150E333-8FDC-42A3-9474-1A3956D46DE8}") = "03 SERVICES", "03 SERVICES", "{95C8DECE-C33B-4BD3-9517-621E3517757F}"
EndProject
Project("{2150E333-8FDC-42A3-9474-1A3956D46DE8}") = "04 REPOSITORY", "04 REPOSITORY", "{CF8EE705-A133-4B29-B932-05812BDC9452}"
EndProject
Project("{2150E333-8FDC-42A3-9474-1A3956D46DE8}") = "05 MODELS", "05 MODELS", "{3999A092-F206-4557-9888-012EA7B9D7C3}"
EndProject
Project("{2150E333-8FDC-42A3-9474-1A3956D46DE8}") = "06 UTILS", "06 UTILS", "{F963B858-7D6C-414A-880A-EE36E689FB82}"
EndProject
Project("{2150E333-8FDC-42A3-9474-1A3956D46DE8}") = "10 ANOTACIONES", "10 ANOTACIONES", "{43A95BD1-F039-4589-8C54-EEE534C52731}"
	ProjectSection(SolutionItems) = preProject
		Documentacion Swagger.txt = Documentacion Swagger.txt
		Estructura Base de Datos.sql = Estructura Base de Datos.sql
		Inyeccion de dependencias.txt = Inyeccion de dependencias.txt
		Librerias a instalar.txt = Librerias a instalar.txt
		Mapeo de base de datos.txt = Mapeo de base de datos.txt
		Readme.txt = Readme.txt
		Relaciones entre proyectos.txt = Relaciones entre proyectos.txt
	EndProjectSection
EndProject
Project("{9A19103F-16F7-4668-BE54-9A1E7A4F7556}") = "UtilSecurity", "UtilSecurity\UtilSecurity.csproj", "{F627C345-07E2-4082-914A-6EEE3F2813A3}"
EndProject
Project("{9A19103F-16F7-4668-BE54-9A1E7A4F7556}") = "UtilConstants", "UtilConstants\UtilConstants.csproj", "{DDA1738D-9356-4C29-AF49-B85441173D63}"
EndProject
Project("{9A19103F-16F7-4668-BE54-9A1E7A4F7556}") = "UtilHttp", "UtilHttp\UtilHttp.csproj", "{EDF9B128-DD4B-4E73-A890-C029EBD73957}"
EndProject
Project("{9A19103F-16F7-4668-BE54-9A1E7A4F7556}") = "UtilExcel", "UtilExcel\UtilExcel.csproj", "{E5BFA6D9-B3DD-4E79-BA3A-3B6AAFDEBB27}"
EndProject
Project("{9A19103F-16F7-4668-BE54-9A1E7A4F7556}") = "DbConsultoriaModel", "DbConsultoriaModel\DbConsultoriaModel.csproj", "{A69FB7E3-C46A-4838-868B-71B742C87B29}"
EndProject
Project("{9A19103F-16F7-4668-BE54-9A1E7A4F7556}") = "RequestResponse", "RequestResponse\RequestResponse.csproj", "{A22CC940-9528-4B0D-82F6-AD0C6D61CE6A}"
EndProject
Project("{9A19103F-16F7-4668-BE54-9A1E7A4F7556}") = "IRepository", "IRepository\IRepository.csproj", "{6504996C-884C-43AA-8F3C-D5C0B498760A}"
EndProject
Project("{9A19103F-16F7-4668-BE54-9A1E7A4F7556}") = "Repository", "Repository\Repository.csproj", "{461D3476-271B-457E-A6C4-6A67530BD988}"
EndProject
Project("{9A19103F-16F7-4668-BE54-9A1E7A4F7556}") = "IService", "IService\IService.csproj", "{BEC95A6C-2133-4715-ACE5-A7608E8A354D}"
EndProject
Project("{9A19103F-16F7-4668-BE54-9A1E7A4F7556}") = "Service", "Service\Service.csproj", "{DE20EA09-AD15-44A5-A854-C6EB28D13B42}"
EndProject
Project("{9A19103F-16F7-4668-BE54-9A1E7A4F7556}") = "Bussnies", "Bussines\Bussnies.csproj", "{8B6A9016-84C1-4903-92B2-CCA05265448B}"
EndProject
Project("{9A19103F-16F7-4668-BE54-9A1E7A4F7556}") = "IBussnies", "IBussnies\IBussnies.csproj", "{C94A5780-32E7-44DA-A19B-299A4703B7A1}"
EndProject
Project("{9A19103F-16F7-4668-BE54-9A1E7A4F7556}") = "UtilAutomapper", "UtilAutomapper\UtilAutomapper.csproj", "{DFEAE17D-B0A6-4D24-9937-74559DDE999F}"
EndProject
Project("{9A19103F-16F7-4668-BE54-9A1E7A4F7556}") = "CommonModels", "CommonModels\CommonModels.csproj", "{BABF97FB-9866-4020-88D3-69CA55F4272C}"
EndProject
Project("{9A19103F-16F7-4668-BE54-9A1E7A4F7556}") = "ApiWeb", "ApiWeb\ApiWeb.csproj", "{A95DD5ED-E23E-47C4-A1E8-325CA2F27299}"
EndProject
Global
	GlobalSection(SolutionConfigurationPlatforms) = preSolution
		Debug|Any CPU = Debug|Any CPU
		Release|Any CPU = Release|Any CPU
	EndGlobalSection
	GlobalSection(ProjectConfigurationPlatforms) = postSolution
		{F627C345-07E2-4082-914A-6EEE3F2813A3}.Debug|Any CPU.ActiveCfg = Debug|Any CPU
		{F627C345-07E2-4082-914A-6EEE3F2813A3}.Debug|Any CPU.Build.0 = Debug|Any CPU
		{F627C345-07E2-4082-914A-6EEE3F2813A3}.Release|Any CPU.ActiveCfg = Release|Any CPU
		{F627C345-07E2-4082-914A-6EEE3F2813A3}.Release|Any CPU.Build.0 = Release|Any CPU
		{DDA1738D-9356-4C29-AF49-B85441173D63}.Debug|Any CPU.ActiveCfg = Debug|Any CPU
		{DDA1738D-9356-4C29-AF49-B85441173D63}.Debug|Any CPU.Build.0 = Debug|Any CPU
		{DDA1738D-9356-4C29-AF49-B85441173D63}.Release|Any CPU.ActiveCfg = Release|Any CPU
		{DDA1738D-9356-4C29-AF49-B85441173D63}.Release|Any CPU.Build.0 = Release|Any CPU
		{EDF9B128-DD4B-4E73-A890-C029EBD73957}.Debug|Any CPU.ActiveCfg = Debug|Any CPU
		{EDF9B128-DD4B-4E73-A890-C029EBD73957}.Debug|Any CPU.Build.0 = Debug|Any CPU
		{EDF9B128-DD4B-4E73-A890-C029EBD73957}.Release|Any CPU.ActiveCfg = Release|Any CPU
		{EDF9B128-DD4B-4E73-A890-C029EBD73957}.Release|Any CPU.Build.0 = Release|Any CPU
		{E5BFA6D9-B3DD-4E79-BA3A-3B6AAFDEBB27}.Debug|Any CPU.ActiveCfg = Debug|Any CPU
		{E5BFA6D9-B3DD-4E79-BA3A-3B6AAFDEBB27}.Debug|Any CPU.Build.0 = Debug|Any CPU
		{E5BFA6D9-B3DD-4E79-BA3A-3B6AAFDEBB27}.Release|Any CPU.ActiveCfg = Release|Any CPU
		{E5BFA6D9-B3DD-4E79-BA3A-3B6AAFDEBB27}.Release|Any CPU.Build.0 = Release|Any CPU
		{A69FB7E3-C46A-4838-868B-71B742C87B29}.Debug|Any CPU.ActiveCfg = Debug|Any CPU
		{A69FB7E3-C46A-4838-868B-71B742C87B29}.Debug|Any CPU.Build.0 = Debug|Any CPU
		{A69FB7E3-C46A-4838-868B-71B742C87B29}.Release|Any CPU.ActiveCfg = Release|Any CPU
		{A69FB7E3-C46A-4838-868B-71B742C87B29}.Release|Any CPU.Build.0 = Release|Any CPU
		{A22CC940-9528-4B0D-82F6-AD0C6D61CE6A}.Debug|Any CPU.ActiveCfg = Debug|Any CPU
		{A22CC940-9528-4B0D-82F6-AD0C6D61CE6A}.Debug|Any CPU.Build.0 = Debug|Any CPU
		{A22CC940-9528-4B0D-82F6-AD0C6D61CE6A}.Release|Any CPU.ActiveCfg = Release|Any CPU
		{A22CC940-9528-4B0D-82F6-AD0C6D61CE6A}.Release|Any CPU.Build.0 = Release|Any CPU
		{6504996C-884C-43AA-8F3C-D5C0B498760A}.Debug|Any CPU.ActiveCfg = Debug|Any CPU
		{6504996C-884C-43AA-8F3C-D5C0B498760A}.Debug|Any CPU.Build.0 = Debug|Any CPU
		{6504996C-884C-43AA-8F3C-D5C0B498760A}.Release|Any CPU.ActiveCfg = Release|Any CPU
		{6504996C-884C-43AA-8F3C-D5C0B498760A}.Release|Any CPU.Build.0 = Release|Any CPU
		{461D3476-271B-457E-A6C4-6A67530BD988}.Debug|Any CPU.ActiveCfg = Debug|Any CPU
		{461D3476-271B-457E-A6C4-6A67530BD988}.Debug|Any CPU.Build.0 = Debug|Any CPU
		{461D3476-271B-457E-A6C4-6A67530BD988}.Release|Any CPU.ActiveCfg = Release|Any CPU
		{461D3476-271B-457E-A6C4-6A67530BD988}.Release|Any CPU.Build.0 = Release|Any CPU
		{BEC95A6C-2133-4715-ACE5-A7608E8A354D}.Debug|Any CPU.ActiveCfg = Debug|Any CPU
		{BEC95A6C-2133-4715-ACE5-A7608E8A354D}.Debug|Any CPU.Build.0 = Debug|Any CPU
		{BEC95A6C-2133-4715-ACE5-A7608E8A354D}.Release|Any CPU.ActiveCfg = Release|Any CPU
		{BEC95A6C-2133-4715-ACE5-A7608E8A354D}.Release|Any CPU.Build.0 = Release|Any CPU
		{DE20EA09-AD15-44A5-A854-C6EB28D13B42}.Debug|Any CPU.ActiveCfg = Debug|Any CPU
		{DE20EA09-AD15-44A5-A854-C6EB28D13B42}.Debug|Any CPU.Build.0 = Debug|Any CPU
		{DE20EA09-AD15-44A5-A854-C6EB28D13B42}.Release|Any CPU.ActiveCfg = Release|Any CPU
		{DE20EA09-AD15-44A5-A854-C6EB28D13B42}.Release|Any CPU.Build.0 = Release|Any CPU
		{8B6A9016-84C1-4903-92B2-CCA05265448B}.Debug|Any CPU.ActiveCfg = Debug|Any CPU
		{8B6A9016-84C1-4903-92B2-CCA05265448B}.Debug|Any CPU.Build.0 = Debug|Any CPU
		{8B6A9016-84C1-4903-92B2-CCA05265448B}.Release|Any CPU.ActiveCfg = Release|Any CPU
		{8B6A9016-84C1-4903-92B2-CCA05265448B}.Release|Any CPU.Build.0 = Release|Any CPU
		{C94A5780-32E7-44DA-A19B-299A4703B7A1}.Debug|Any CPU.ActiveCfg = Debug|Any CPU
		{C94A5780-32E7-44DA-A19B-299A4703B7A1}.Debug|Any CPU.Build.0 = Debug|Any CPU
		{C94A5780-32E7-44DA-A19B-299A4703B7A1}.Release|Any CPU.ActiveCfg = Release|Any CPU
		{C94A5780-32E7-44DA-A19B-299A4703B7A1}.Release|Any CPU.Build.0 = Release|Any CPU
		{DFEAE17D-B0A6-4D24-9937-74559DDE999F}.Debug|Any CPU.ActiveCfg = Debug|Any CPU
		{DFEAE17D-B0A6-4D24-9937-74559DDE999F}.Debug|Any CPU.Build.0 = Debug|Any CPU
		{DFEAE17D-B0A6-4D24-9937-74559DDE999F}.Release|Any CPU.ActiveCfg = Release|Any CPU
		{DFEAE17D-B0A6-4D24-9937-74559DDE999F}.Release|Any CPU.Build.0 = Release|Any CPU
		{BABF97FB-9866-4020-88D3-69CA55F4272C}.Debug|Any CPU.ActiveCfg = Debug|Any CPU
		{BABF97FB-9866-4020-88D3-69CA55F4272C}.Debug|Any CPU.Build.0 = Debug|Any CPU
		{BABF97FB-9866-4020-88D3-69CA55F4272C}.Release|Any CPU.ActiveCfg = Release|Any CPU
		{BABF97FB-9866-4020-88D3-69CA55F4272C}.Release|Any CPU.Build.0 = Release|Any CPU
		{A95DD5ED-E23E-47C4-A1E8-325CA2F27299}.Debug|Any CPU.ActiveCfg = Debug|Any CPU
		{A95DD5ED-E23E-47C4-A1E8-325CA2F27299}.Debug|Any CPU.Build.0 = Debug|Any CPU
		{A95DD5ED-E23E-47C4-A1E8-325CA2F27299}.Release|Any CPU.ActiveCfg = Release|Any CPU
		{A95DD5ED-E23E-47C4-A1E8-325CA2F27299}.Release|Any CPU.Build.0 = Release|Any CPU
	EndGlobalSection
	GlobalSection(SolutionProperties) = preSolution
		HideSolutionNode = FALSE
	EndGlobalSection
	GlobalSection(NestedProjects) = preSolution
		{F627C345-07E2-4082-914A-6EEE3F2813A3} = {F963B858-7D6C-414A-880A-EE36E689FB82}
		{DDA1738D-9356-4C29-AF49-B85441173D63} = {F963B858-7D6C-414A-880A-EE36E689FB82}
		{EDF9B128-DD4B-4E73-A890-C029EBD73957} = {F963B858-7D6C-414A-880A-EE36E689FB82}
		{E5BFA6D9-B3DD-4E79-BA3A-3B6AAFDEBB27} = {F963B858-7D6C-414A-880A-EE36E689FB82}
		{A69FB7E3-C46A-4838-868B-71B742C87B29} = {3999A092-F206-4557-9888-012EA7B9D7C3}
		{A22CC940-9528-4B0D-82F6-AD0C6D61CE6A} = {3999A092-F206-4557-9888-012EA7B9D7C3}
		{6504996C-884C-43AA-8F3C-D5C0B498760A} = {CF8EE705-A133-4B29-B932-05812BDC9452}
		{461D3476-271B-457E-A6C4-6A67530BD988} = {CF8EE705-A133-4B29-B932-05812BDC9452}
		{BEC95A6C-2133-4715-ACE5-A7608E8A354D} = {95C8DECE-C33B-4BD3-9517-621E3517757F}
		{DE20EA09-AD15-44A5-A854-C6EB28D13B42} = {95C8DECE-C33B-4BD3-9517-621E3517757F}
		{8B6A9016-84C1-4903-92B2-CCA05265448B} = {19EC5A40-26AE-421B-B0F6-67F5751870D6}
		{C94A5780-32E7-44DA-A19B-299A4703B7A1} = {19EC5A40-26AE-421B-B0F6-67F5751870D6}
		{DFEAE17D-B0A6-4D24-9937-74559DDE999F} = {F963B858-7D6C-414A-880A-EE36E689FB82}
		{BABF97FB-9866-4020-88D3-69CA55F4272C} = {3999A092-F206-4557-9888-012EA7B9D7C3}
		{A95DD5ED-E23E-47C4-A1E8-325CA2F27299} = {784D855F-FF83-486F-A067-AE94222D6D9B}
	EndGlobalSection
	GlobalSection(ExtensibilityGlobals) = postSolution
		SolutionGuid = {C5D53F23-F452-4B5E-8B27-07FCFA3D844B}
	EndGlobalSection
EndGlobal
